
Microsoft Visual Studio Solution File, Format Version 12.00
# Visual Studio Version 16
VisualStudioVersion = 16.0.31229.75
MinimumVisualStudioVersion = 10.0.40219.1
Project("{FAE04EC0-301F-11D3-BF4B-00C04F79EFBC}") = "Object Orintated Programming", "Object Orintated Programming\Object Orintated Programming.csproj", "{9862B6C1-3923-45A8-848A-DE7BC33615B7}"
EndProject
Global
	GlobalSection(SolutionConfigurationPlatforms) = preSolution
		Debug|Any CPU = Debug|Any CPU
		Release|Any CPU = Release|Any CPU
	EndGlobalSection
	GlobalSection(ProjectConfigurationPlatforms) = postSolution
		{9862B6C1-3923-45A8-848A-DE7BC33615B7}.Debug|Any CPU.ActiveCfg = Debug|Any CPU
		{9862B6C1-3923-45A8-848A-DE7BC33615B7}.Debug|Any CPU.Build.0 = Debug|Any CPU
		{9862B6C1-3923-45A8-848A-DE7BC33615B7}.Release|Any CPU.ActiveCfg = Release|Any CPU
		{9862B6C1-3923-45A8-848A-DE7BC33615B7}.Release|Any CPU.Build.0 = Release|Any CPU
	EndGlobalSection
	GlobalSection(SolutionProperties) = preSolution
		HideSolutionNode = FALSE
	EndGlobalSection
	GlobalSection(ExtensibilityGlobals) = postSolution
		SolutionGuid = {C88A43D9-9D82-4BCA-985F-49496C73D7CC}
	EndGlobalSection
EndGlobal
